// !$*UTF8*$!
{
	archiveVersion = 1;
	classes = {
	};
	objectVersion = 56;
	objects = {

/* Begin PBXBuildFile section */
		D42C3B972AC21ADB00EE9BA4 /* AppDelegate.swift in Sources */ = {isa = PBXBuildFile; fileRef = D42C3B962AC21ADB00EE9BA4 /* AppDelegate.swift */; };
		D42C3B992AC21ADB00EE9BA4 /* SceneDelegate.swift in Sources */ = {isa = PBXBuildFile; fileRef = D42C3B982AC21ADB00EE9BA4 /* SceneDelegate.swift */; };
		D42C3BA02AC21ADC00EE9BA4 /* Assets.xcassets in Resources */ = {isa = PBXBuildFile; fileRef = D42C3B9F2AC21ADC00EE9BA4 /* Assets.xcassets */; };
		D42C3BA32AC21ADC00EE9BA4 /* LaunchScreen.storyboard in Resources */ = {isa = PBXBuildFile; fileRef = D42C3BA12AC21ADC00EE9BA4 /* LaunchScreen.storyboard */; };
		D42C3BAD2AC21DA800EE9BA4 /* AppCoordinator.swift in Sources */ = {isa = PBXBuildFile; fileRef = D42C3BAC2AC21DA800EE9BA4 /* AppCoordinator.swift */; };
		D42C3BB22AC21DCD00EE9BA4 /* ViewControllerFactory.swift in Sources */ = {isa = PBXBuildFile; fileRef = D42C3BB12AC21DCD00EE9BA4 /* ViewControllerFactory.swift */; };
		D42C3BB82AC21DFC00EE9BA4 /* UIViewController+keyboard.swift in Sources */ = {isa = PBXBuildFile; fileRef = D42C3BB72AC21DFC00EE9BA4 /* UIViewController+keyboard.swift */; };
		D42C3BBB2AC21E1000EE9BA4 /* AuthTextField.swift in Sources */ = {isa = PBXBuildFile; fileRef = D42C3BBA2AC21E1000EE9BA4 /* AuthTextField.swift */; };
		D42C3BBF2AC21E3600EE9BA4 /* FeedViewController.swift in Sources */ = {isa = PBXBuildFile; fileRef = D42C3BBE2AC21E3600EE9BA4 /* FeedViewController.swift */; };
		D42C3BC12AC21E3C00EE9BA4 /* FeedViewModel.swift in Sources */ = {isa = PBXBuildFile; fileRef = D42C3BC02AC21E3C00EE9BA4 /* FeedViewModel.swift */; };
		D42C3BC52AC21E5800EE9BA4 /* SignUpViewController.swift in Sources */ = {isa = PBXBuildFile; fileRef = D42C3BC42AC21E5800EE9BA4 /* SignUpViewController.swift */; };
		D42C3BC72AC21E6000EE9BA4 /* SingUpViewModel.swift in Sources */ = {isa = PBXBuildFile; fileRef = D42C3BC62AC21E6000EE9BA4 /* SingUpViewModel.swift */; };
		D42C3BCA2AC21E7100EE9BA4 /* SignInViewController.swift in Sources */ = {isa = PBXBuildFile; fileRef = D42C3BC92AC21E7100EE9BA4 /* SignInViewController.swift */; };
		D42C3BCD2AC21E8D00EE9BA4 /* SignInViewModel.swift in Sources */ = {isa = PBXBuildFile; fileRef = D42C3BCC2AC21E8D00EE9BA4 /* SignInViewModel.swift */; };
		D42C3BD02AC21EC000EE9BA4 /* SnapKit in Frameworks */ = {isa = PBXBuildFile; productRef = D42C3BCF2AC21EC000EE9BA4 /* SnapKit */; };
		D42C3BD42AC2220400EE9BA4 /* GoogleService-Info.plist in Resources */ = {isa = PBXBuildFile; fileRef = D42C3BD32AC2220400EE9BA4 /* GoogleService-Info.plist */; };
		D42C3BDA2AC2273600EE9BA4 /* FirebaseAuth in Frameworks */ = {isa = PBXBuildFile; productRef = D42C3BD92AC2273600EE9BA4 /* FirebaseAuth */; };
		D42C3BDC2AC2273600EE9BA4 /* FirebaseDatabase in Frameworks */ = {isa = PBXBuildFile; productRef = D42C3BDB2AC2273600EE9BA4 /* FirebaseDatabase */; };
		D42C3BDE2AC2273600EE9BA4 /* FirebaseFirestore in Frameworks */ = {isa = PBXBuildFile; productRef = D42C3BDD2AC2273600EE9BA4 /* FirebaseFirestore */; };
		D42C3BE02AC2273600EE9BA4 /* FirebaseStorage in Frameworks */ = {isa = PBXBuildFile; productRef = D42C3BDF2AC2273600EE9BA4 /* FirebaseStorage */; };
		D42C3BE22AC227BF00EE9BA4 /* AuthService.swift in Sources */ = {isa = PBXBuildFile; fileRef = D42C3BE12AC227BF00EE9BA4 /* AuthService.swift */; };
		D42C3BE52AC2284700EE9BA4 /* SignUpUserRequest.swift in Sources */ = {isa = PBXBuildFile; fileRef = D42C3BE42AC2284700EE9BA4 /* SignUpUserRequest.swift */; };
		D43D908F2ACC618D00C0DA26 /* FeedModel.swift in Sources */ = {isa = PBXBuildFile; fileRef = D43D908E2ACC618D00C0DA26 /* FeedModel.swift */; };
		D43D90912ACC629000C0DA26 /* Identifiers.swift in Sources */ = {isa = PBXBuildFile; fileRef = D43D90902ACC629000C0DA26 /* Identifiers.swift */; };
		D43D90932ACC6B5E00C0DA26 /* FeedCollectionViewCell.swift in Sources */ = {isa = PBXBuildFile; fileRef = D43D90922ACC6B5E00C0DA26 /* FeedCollectionViewCell.swift */; };
		D43FF0092AC471DA00A692AA /* Constraints.swift in Sources */ = {isa = PBXBuildFile; fileRef = D43FF0082AC471DA00A692AA /* Constraints.swift */; };
		D497C3C92AD5856C006D1B32 /* ScaledImageView.swift in Sources */ = {isa = PBXBuildFile; fileRef = D497C3C82AD5856C006D1B32 /* ScaledImageView.swift */; };
		D4E629812AC3647900E5B2A6 /* SignInUserRequest.swift in Sources */ = {isa = PBXBuildFile; fileRef = D4E629802AC3647900E5B2A6 /* SignInUserRequest.swift */; };
/* End PBXBuildFile section */

/* Begin PBXFileReference section */
		D42C3B932AC21ADB00EE9BA4 /* SharingApplication.app */ = {isa = PBXFileReference; explicitFileType = wrapper.application; includeInIndex = 0; path = SharingApplication.app; sourceTree = BUILT_PRODUCTS_DIR; };
		D42C3B962AC21ADB00EE9BA4 /* AppDelegate.swift */ = {isa = PBXFileReference; lastKnownFileType = sourcecode.swift; path = AppDelegate.swift; sourceTree = "<group>"; };
		D42C3B982AC21ADB00EE9BA4 /* SceneDelegate.swift */ = {isa = PBXFileReference; lastKnownFileType = sourcecode.swift; path = SceneDelegate.swift; sourceTree = "<group>"; };
		D42C3B9F2AC21ADC00EE9BA4 /* Assets.xcassets */ = {isa = PBXFileReference; lastKnownFileType = folder.assetcatalog; path = Assets.xcassets; sourceTree = "<group>"; };
		D42C3BA22AC21ADC00EE9BA4 /* Base */ = {isa = PBXFileReference; lastKnownFileType = file.storyboard; name = Base; path = Base.lproj/LaunchScreen.storyboard; sourceTree = "<group>"; };
		D42C3BA42AC21ADC00EE9BA4 /* Info.plist */ = {isa = PBXFileReference; lastKnownFileType = text.plist.xml; path = Info.plist; sourceTree = "<group>"; };
		D42C3BAC2AC21DA800EE9BA4 /* AppCoordinator.swift */ = {isa = PBXFileReference; lastKnownFileType = sourcecode.swift; path = AppCoordinator.swift; sourceTree = "<group>"; };
		D42C3BB12AC21DCD00EE9BA4 /* ViewControllerFactory.swift */ = {isa = PBXFileReference; lastKnownFileType = sourcecode.swift; path = ViewControllerFactory.swift; sourceTree = "<group>"; };
		D42C3BB72AC21DFC00EE9BA4 /* UIViewController+keyboard.swift */ = {isa = PBXFileReference; lastKnownFileType = sourcecode.swift; path = "UIViewController+keyboard.swift"; sourceTree = "<group>"; };
		D42C3BBA2AC21E1000EE9BA4 /* AuthTextField.swift */ = {isa = PBXFileReference; lastKnownFileType = sourcecode.swift; path = AuthTextField.swift; sourceTree = "<group>"; };
		D42C3BBE2AC21E3600EE9BA4 /* FeedViewController.swift */ = {isa = PBXFileReference; lastKnownFileType = sourcecode.swift; path = FeedViewController.swift; sourceTree = "<group>"; };
		D42C3BC02AC21E3C00EE9BA4 /* FeedViewModel.swift */ = {isa = PBXFileReference; lastKnownFileType = sourcecode.swift; path = FeedViewModel.swift; sourceTree = "<group>"; };
		D42C3BC42AC21E5800EE9BA4 /* SignUpViewController.swift */ = {isa = PBXFileReference; lastKnownFileType = sourcecode.swift; path = SignUpViewController.swift; sourceTree = "<group>"; };
		D42C3BC62AC21E6000EE9BA4 /* SingUpViewModel.swift */ = {isa = PBXFileReference; lastKnownFileType = sourcecode.swift; path = SingUpViewModel.swift; sourceTree = "<group>"; };
		D42C3BC92AC21E7100EE9BA4 /* SignInViewController.swift */ = {isa = PBXFileReference; lastKnownFileType = sourcecode.swift; path = SignInViewController.swift; sourceTree = "<group>"; };
		D42C3BCC2AC21E8D00EE9BA4 /* SignInViewModel.swift */ = {isa = PBXFileReference; lastKnownFileType = sourcecode.swift; path = SignInViewModel.swift; sourceTree = "<group>"; };
		D42C3BD32AC2220400EE9BA4 /* GoogleService-Info.plist */ = {isa = PBXFileReference; fileEncoding = 4; lastKnownFileType = text.plist.xml; name = "GoogleService-Info.plist"; path = "../../../Downloads/GoogleService-Info.plist"; sourceTree = "<group>"; };
		D42C3BE12AC227BF00EE9BA4 /* AuthService.swift */ = {isa = PBXFileReference; lastKnownFileType = sourcecode.swift; path = AuthService.swift; sourceTree = "<group>"; };
		D42C3BE42AC2284700EE9BA4 /* SignUpUserRequest.swift */ = {isa = PBXFileReference; lastKnownFileType = sourcecode.swift; path = SignUpUserRequest.swift; sourceTree = "<group>"; };
		D43D908E2ACC618D00C0DA26 /* FeedModel.swift */ = {isa = PBXFileReference; lastKnownFileType = sourcecode.swift; path = FeedModel.swift; sourceTree = "<group>"; };
		D43D90902ACC629000C0DA26 /* Identifiers.swift */ = {isa = PBXFileReference; lastKnownFileType = sourcecode.swift; path = Identifiers.swift; sourceTree = "<group>"; };
		D43D90922ACC6B5E00C0DA26 /* FeedCollectionViewCell.swift */ = {isa = PBXFileReference; lastKnownFileType = sourcecode.swift; path = FeedCollectionViewCell.swift; sourceTree = "<group>"; };
		D43FF0082AC471DA00A692AA /* Constraints.swift */ = {isa = PBXFileReference; lastKnownFileType = sourcecode.swift; path = Constraints.swift; sourceTree = "<group>"; };
		D497C3C82AD5856C006D1B32 /* ScaledImageView.swift */ = {isa = PBXFileReference; lastKnownFileType = sourcecode.swift; path = ScaledImageView.swift; sourceTree = "<group>"; };
		D4E629802AC3647900E5B2A6 /* SignInUserRequest.swift */ = {isa = PBXFileReference; lastKnownFileType = sourcecode.swift; path = SignInUserRequest.swift; sourceTree = "<group>"; };
/* End PBXFileReference section */

/* Begin PBXFrameworksBuildPhase section */
		D42C3B902AC21ADB00EE9BA4 /* Frameworks */ = {
			isa = PBXFrameworksBuildPhase;
			buildActionMask = 2147483647;
			files = (
				D42C3BDC2AC2273600EE9BA4 /* FirebaseDatabase in Frameworks */,
				D42C3BDE2AC2273600EE9BA4 /* FirebaseFirestore in Frameworks */,
				D42C3BD02AC21EC000EE9BA4 /* SnapKit in Frameworks */,
				D42C3BE02AC2273600EE9BA4 /* FirebaseStorage in Frameworks */,
				D42C3BDA2AC2273600EE9BA4 /* FirebaseAuth in Frameworks */,
			);
			runOnlyForDeploymentPostprocessing = 0;
		};
/* End PBXFrameworksBuildPhase section */

/* Begin PBXGroup section */
		D42C3B8A2AC21ADB00EE9BA4 = {
			isa = PBXGroup;
			children = (
				D42C3B952AC21ADB00EE9BA4 /* SharingApplication */,
				D42C3B942AC21ADB00EE9BA4 /* Products */,
			);
			sourceTree = "<group>";
		};
		D42C3B942AC21ADB00EE9BA4 /* Products */ = {
			isa = PBXGroup;
			children = (
				D42C3B932AC21ADB00EE9BA4 /* SharingApplication.app */,
			);
			name = Products;
			sourceTree = "<group>";
		};
		D42C3B952AC21ADB00EE9BA4 /* SharingApplication */ = {
			isa = PBXGroup;
			children = (
				D42C3BD22AC220E100EE9BA4 /* Common */,
				D42C3BBC2AC21E1D00EE9BA4 /* Screens */,
				D42C3BAA2AC21D9900EE9BA4 /* Services */,
				D42C3B962AC21ADB00EE9BA4 /* AppDelegate.swift */,
				D42C3B982AC21ADB00EE9BA4 /* SceneDelegate.swift */,
				D42C3B9F2AC21ADC00EE9BA4 /* Assets.xcassets */,
				D42C3BA12AC21ADC00EE9BA4 /* LaunchScreen.storyboard */,
				D42C3BD32AC2220400EE9BA4 /* GoogleService-Info.plist */,
				D42C3BA42AC21ADC00EE9BA4 /* Info.plist */,
			);
			path = SharingApplication;
			sourceTree = "<group>";
		};
		D42C3BAA2AC21D9900EE9BA4 /* Services */ = {
			isa = PBXGroup;
			children = (
				D42C3BAB2AC21D9E00EE9BA4 /* Coordinators */,
				D42C3BB12AC21DCD00EE9BA4 /* ViewControllerFactory.swift */,
				D42C3BE12AC227BF00EE9BA4 /* AuthService.swift */,
			);
			path = Services;
			sourceTree = "<group>";
		};
		D42C3BAB2AC21D9E00EE9BA4 /* Coordinators */ = {
			isa = PBXGroup;
			children = (
				D42C3BAC2AC21DA800EE9BA4 /* AppCoordinator.swift */,
			);
			path = Coordinators;
			sourceTree = "<group>";
		};
		D42C3BB62AC21DF200EE9BA4 /* Extensions */ = {
			isa = PBXGroup;
			children = (
				D42C3BB72AC21DFC00EE9BA4 /* UIViewController+keyboard.swift */,
			);
			path = Extensions;
			sourceTree = "<group>";
		};
		D42C3BB92AC21E0A00EE9BA4 /* Views */ = {
			isa = PBXGroup;
			children = (
				D42C3BBA2AC21E1000EE9BA4 /* AuthTextField.swift */,
				D43D90922ACC6B5E00C0DA26 /* FeedCollectionViewCell.swift */,
				D497C3C82AD5856C006D1B32 /* ScaledImageView.swift */,
			);
			path = Views;
			sourceTree = "<group>";
		};
		D42C3BBC2AC21E1D00EE9BA4 /* Screens */ = {
			isa = PBXGroup;
			children = (
				D42C3BD12AC2209100EE9BA4 /* Feed */,
				D42C3BC22AC21E4800EE9BA4 /* Auth */,
			);
			path = Screens;
			sourceTree = "<group>";
		};
		D42C3BC22AC21E4800EE9BA4 /* Auth */ = {
			isa = PBXGroup;
			children = (
				D42C3BC82AC21E6400EE9BA4 /* SignIn */,
				D42C3BC32AC21E4A00EE9BA4 /* SignUp */,
			);
			path = Auth;
			sourceTree = "<group>";
		};
		D42C3BC32AC21E4A00EE9BA4 /* SignUp */ = {
			isa = PBXGroup;
			children = (
				D42C3BE42AC2284700EE9BA4 /* SignUpUserRequest.swift */,
				D42C3BC42AC21E5800EE9BA4 /* SignUpViewController.swift */,
				D42C3BC62AC21E6000EE9BA4 /* SingUpViewModel.swift */,
			);
			path = SignUp;
			sourceTree = "<group>";
		};
		D42C3BC82AC21E6400EE9BA4 /* SignIn */ = {
			isa = PBXGroup;
			children = (
				D4E629802AC3647900E5B2A6 /* SignInUserRequest.swift */,
				D42C3BC92AC21E7100EE9BA4 /* SignInViewController.swift */,
				D42C3BCC2AC21E8D00EE9BA4 /* SignInViewModel.swift */,
			);
			path = SignIn;
			sourceTree = "<group>";
		};
		D42C3BD12AC2209100EE9BA4 /* Feed */ = {
			isa = PBXGroup;
			children = (
				D42C3BBE2AC21E3600EE9BA4 /* FeedViewController.swift */,
				D42C3BC02AC21E3C00EE9BA4 /* FeedViewModel.swift */,
				D43D908E2ACC618D00C0DA26 /* FeedModel.swift */,
			);
			path = Feed;
			sourceTree = "<group>";
		};
		D42C3BD22AC220E100EE9BA4 /* Common */ = {
			isa = PBXGroup;
			children = (
				D43FF0072AC471AE00A692AA /* Constants */,
				D42C3BB62AC21DF200EE9BA4 /* Extensions */,
				D42C3BB92AC21E0A00EE9BA4 /* Views */,
			);
			path = Common;
			sourceTree = "<group>";
		};
		D43FF0072AC471AE00A692AA /* Constants */ = {
			isa = PBXGroup;
			children = (
				D43FF0082AC471DA00A692AA /* Constraints.swift */,
				D43D90902ACC629000C0DA26 /* Identifiers.swift */,
			);
			path = Constants;
			sourceTree = "<group>";
		};
/* End PBXGroup section */

/* Begin PBXNativeTarget section */
		D42C3B922AC21ADB00EE9BA4 /* SharingApplication */ = {
			isa = PBXNativeTarget;
			buildConfigurationList = D42C3BA72AC21ADC00EE9BA4 /* Build configuration list for PBXNativeTarget "SharingApplication" */;
			buildPhases = (
				D42C3B8F2AC21ADB00EE9BA4 /* Sources */,
				D42C3B902AC21ADB00EE9BA4 /* Frameworks */,
				D42C3B912AC21ADB00EE9BA4 /* Resources */,
			);
			buildRules = (
			);
			dependencies = (
			);
			name = SharingApplication;
			packageProductDependencies = (
				D42C3BCF2AC21EC000EE9BA4 /* SnapKit */,
				D42C3BD92AC2273600EE9BA4 /* FirebaseAuth */,
				D42C3BDB2AC2273600EE9BA4 /* FirebaseDatabase */,
				D42C3BDD2AC2273600EE9BA4 /* FirebaseFirestore */,
				D42C3BDF2AC2273600EE9BA4 /* FirebaseStorage */,
			);
			productName = SharingApplication;
			productReference = D42C3B932AC21ADB00EE9BA4 /* SharingApplication.app */;
			productType = "com.apple.product-type.application";
		};
/* End PBXNativeTarget section */

/* Begin PBXProject section */
		D42C3B8B2AC21ADB00EE9BA4 /* Project object */ = {
			isa = PBXProject;
			attributes = {
				BuildIndependentTargetsInParallel = 1;
				LastSwiftUpdateCheck = 1430;
				LastUpgradeCheck = 1430;
				TargetAttributes = {
					D42C3B922AC21ADB00EE9BA4 = {
						CreatedOnToolsVersion = 14.3.1;
					};
				};
			};
			buildConfigurationList = D42C3B8E2AC21ADB00EE9BA4 /* Build configuration list for PBXProject "SharingApplication" */;
			compatibilityVersion = "Xcode 14.0";
			developmentRegion = en;
			hasScannedForEncodings = 0;
			knownRegions = (
				en,
				Base,
			);
			mainGroup = D42C3B8A2AC21ADB00EE9BA4;
			packageReferences = (
				D42C3BCE2AC21EC000EE9BA4 /* XCRemoteSwiftPackageReference "SnapKit" */,
				D42C3BD82AC2273600EE9BA4 /* XCRemoteSwiftPackageReference "firebase-ios-sdk" */,
			);
			productRefGroup = D42C3B942AC21ADB00EE9BA4 /* Products */;
			projectDirPath = "";
			projectRoot = "";
			targets = (
				D42C3B922AC21ADB00EE9BA4 /* SharingApplication */,
			);
		};
/* End PBXProject section */

/* Begin PBXResourcesBuildPhase section */
		D42C3B912AC21ADB00EE9BA4 /* Resources */ = {
			isa = PBXResourcesBuildPhase;
			buildActionMask = 2147483647;
			files = (
				D42C3BA32AC21ADC00EE9BA4 /* LaunchScreen.storyboard in Resources */,
				D42C3BA02AC21ADC00EE9BA4 /* Assets.xcassets in Resources */,
				D42C3BD42AC2220400EE9BA4 /* GoogleService-Info.plist in Resources */,
			);
			runOnlyForDeploymentPostprocessing = 0;
		};
/* End PBXResourcesBuildPhase section */

/* Begin PBXSourcesBuildPhase section */
		D42C3B8F2AC21ADB00EE9BA4 /* Sources */ = {
			isa = PBXSourcesBuildPhase;
			buildActionMask = 2147483647;
			files = (
				D42C3BE52AC2284700EE9BA4 /* SignUpUserRequest.swift in Sources */,
				D42C3BCA2AC21E7100EE9BA4 /* SignInViewController.swift in Sources */,
				D43D908F2ACC618D00C0DA26 /* FeedModel.swift in Sources */,
				D42C3BBF2AC21E3600EE9BA4 /* FeedViewController.swift in Sources */,
				D43D90912ACC629000C0DA26 /* Identifiers.swift in Sources */,
				D43FF0092AC471DA00A692AA /* Constraints.swift in Sources */,
				D497C3C92AD5856C006D1B32 /* ScaledImageView.swift in Sources */,
				D42C3B972AC21ADB00EE9BA4 /* AppDelegate.swift in Sources */,
				D42C3BB82AC21DFC00EE9BA4 /* UIViewController+keyboard.swift in Sources */,
				D4E629812AC3647900E5B2A6 /* SignInUserRequest.swift in Sources */,
				D42C3BC12AC21E3C00EE9BA4 /* FeedViewModel.swift in Sources */,
				D42C3BC52AC21E5800EE9BA4 /* SignUpViewController.swift in Sources */,
				D42C3BCD2AC21E8D00EE9BA4 /* SignInViewModel.swift in Sources */,
				D42C3BB22AC21DCD00EE9BA4 /* ViewControllerFactory.swift in Sources */,
				D42C3BAD2AC21DA800EE9BA4 /* AppCoordinator.swift in Sources */,
				D42C3BBB2AC21E1000EE9BA4 /* AuthTextField.swift in Sources */,
				D43D90932ACC6B5E00C0DA26 /* FeedCollectionViewCell.swift in Sources */,
				D42C3B992AC21ADB00EE9BA4 /* SceneDelegate.swift in Sources */,
				D42C3BE22AC227BF00EE9BA4 /* AuthService.swift in Sources */,
				D42C3BC72AC21E6000EE9BA4 /* SingUpViewModel.swift in Sources */,
			);
			runOnlyForDeploymentPostprocessing = 0;
		};
/* End PBXSourcesBuildPhase section */

/* Begin PBXVariantGroup section */
		D42C3BA12AC21ADC00EE9BA4 /* LaunchScreen.storyboard */ = {
			isa = PBXVariantGroup;
			children = (
				D42C3BA22AC21ADC00EE9BA4 /* Base */,
			);
			name = LaunchScreen.storyboard;
			sourceTree = "<group>";
		};
/* End PBXVariantGroup section */

/* Begin XCBuildConfiguration section */
		D42C3BA52AC21ADC00EE9BA4 /* Debug */ = {
			isa = XCBuildConfiguration;
			buildSettings = {
				ALWAYS_SEARCH_USER_PATHS = NO;
				CLANG_ANALYZER_NONNULL = YES;
				CLANG_ANALYZER_NUMBER_OBJECT_CONVERSION = YES_AGGRESSIVE;
				CLANG_CXX_LANGUAGE_STANDARD = "gnu++20";
				CLANG_ENABLE_MODULES = YES;
				CLANG_ENABLE_OBJC_ARC = YES;
				CLANG_ENABLE_OBJC_WEAK = YES;
				CLANG_WARN_BLOCK_CAPTURE_AUTORELEASING = YES;
				CLANG_WARN_BOOL_CONVERSION = YES;
				CLANG_WARN_COMMA = YES;
				CLANG_WARN_CONSTANT_CONVERSION = YES;
				CLANG_WARN_DEPRECATED_OBJC_IMPLEMENTATIONS = YES;
				CLANG_WARN_DIRECT_OBJC_ISA_USAGE = YES_ERROR;
				CLANG_WARN_DOCUMENTATION_COMMENTS = YES;
				CLANG_WARN_EMPTY_BODY = YES;
				CLANG_WARN_ENUM_CONVERSION = YES;
				CLANG_WARN_INFINITE_RECURSION = YES;
				CLANG_WARN_INT_CONVERSION = YES;
				CLANG_WARN_NON_LITERAL_NULL_CONVERSION = YES;
				CLANG_WARN_OBJC_IMPLICIT_RETAIN_SELF = YES;
				CLANG_WARN_OBJC_LITERAL_CONVERSION = YES;
				CLANG_WARN_OBJC_ROOT_CLASS = YES_ERROR;
				CLANG_WARN_QUOTED_INCLUDE_IN_FRAMEWORK_HEADER = YES;
				CLANG_WARN_RANGE_LOOP_ANALYSIS = YES;
				CLANG_WARN_STRICT_PROTOTYPES = YES;
				CLANG_WARN_SUSPICIOUS_MOVE = YES;
				CLANG_WARN_UNGUARDED_AVAILABILITY = YES_AGGRESSIVE;
				CLANG_WARN_UNREACHABLE_CODE = YES;
				CLANG_WARN__DUPLICATE_METHOD_MATCH = YES;
				COPY_PHASE_STRIP = NO;
				DEBUG_INFORMATION_FORMAT = dwarf;
				ENABLE_STRICT_OBJC_MSGSEND = YES;
				ENABLE_TESTABILITY = YES;
				GCC_C_LANGUAGE_STANDARD = gnu11;
				GCC_DYNAMIC_NO_PIC = NO;
				GCC_NO_COMMON_BLOCKS = YES;
				GCC_OPTIMIZATION_LEVEL = 0;
				GCC_PREPROCESSOR_DEFINITIONS = (
					"DEBUG=1",
					"$(inherited)",
				);
				GCC_WARN_64_TO_32_BIT_CONVERSION = YES;
				GCC_WARN_ABOUT_RETURN_TYPE = YES_ERROR;
				GCC_WARN_UNDECLARED_SELECTOR = YES;
				GCC_WARN_UNINITIALIZED_AUTOS = YES_AGGRESSIVE;
				GCC_WARN_UNUSED_FUNCTION = YES;
				GCC_WARN_UNUSED_VARIABLE = YES;
				IPHONEOS_DEPLOYMENT_TARGET = 16.4;
				MTL_ENABLE_DEBUG_INFO = INCLUDE_SOURCE;
				MTL_FAST_MATH = YES;
				ONLY_ACTIVE_ARCH = YES;
				SDKROOT = iphoneos;
				SWIFT_ACTIVE_COMPILATION_CONDITIONS = DEBUG;
				SWIFT_OPTIMIZATION_LEVEL = "-Onone";
			};
			name = Debug;
		};
		D42C3BA62AC21ADC00EE9BA4 /* Release */ = {
			isa = XCBuildConfiguration;
			buildSettings = {
				ALWAYS_SEARCH_USER_PATHS = NO;
				CLANG_ANALYZER_NONNULL = YES;
				CLANG_ANALYZER_NUMBER_OBJECT_CONVERSION = YES_AGGRESSIVE;
				CLANG_CXX_LANGUAGE_STANDARD = "gnu++20";
				CLANG_ENABLE_MODULES = YES;
				CLANG_ENABLE_OBJC_ARC = YES;
				CLANG_ENABLE_OBJC_WEAK = YES;
				CLANG_WARN_BLOCK_CAPTURE_AUTORELEASING = YES;
				CLANG_WARN_BOOL_CONVERSION = YES;
				CLANG_WARN_COMMA = YES;
				CLANG_WARN_CONSTANT_CONVERSION = YES;
				CLANG_WARN_DEPRECATED_OBJC_IMPLEMENTATIONS = YES;
				CLANG_WARN_DIRECT_OBJC_ISA_USAGE = YES_ERROR;
				CLANG_WARN_DOCUMENTATION_COMMENTS = YES;
				CLANG_WARN_EMPTY_BODY = YES;
				CLANG_WARN_ENUM_CONVERSION = YES;
				CLANG_WARN_INFINITE_RECURSION = YES;
				CLANG_WARN_INT_CONVERSION = YES;
				CLANG_WARN_NON_LITERAL_NULL_CONVERSION = YES;
				CLANG_WARN_OBJC_IMPLICIT_RETAIN_SELF = YES;
				CLANG_WARN_OBJC_LITERAL_CONVERSION = YES;
				CLANG_WARN_OBJC_ROOT_CLASS = YES_ERROR;
				CLANG_WARN_QUOTED_INCLUDE_IN_FRAMEWORK_HEADER = YES;
				CLANG_WARN_RANGE_LOOP_ANALYSIS = YES;
				CLANG_WARN_STRICT_PROTOTYPES = YES;
				CLANG_WARN_SUSPICIOUS_MOVE = YES;
				CLANG_WARN_UNGUARDED_AVAILABILITY = YES_AGGRESSIVE;
				CLANG_WARN_UNREACHABLE_CODE = YES;
				CLANG_WARN__DUPLICATE_METHOD_MATCH = YES;
				COPY_PHASE_STRIP = NO;
				DEBUG_INFORMATION_FORMAT = "dwarf-with-dsym";
				ENABLE_NS_ASSERTIONS = NO;
				ENABLE_STRICT_OBJC_MSGSEND = YES;
				GCC_C_LANGUAGE_STANDARD = gnu11;
				GCC_NO_COMMON_BLOCKS = YES;
				GCC_WARN_64_TO_32_BIT_CONVERSION = YES;
				GCC_WARN_ABOUT_RETURN_TYPE = YES_ERROR;
				GCC_WARN_UNDECLARED_SELECTOR = YES;
				GCC_WARN_UNINITIALIZED_AUTOS = YES_AGGRESSIVE;
				GCC_WARN_UNUSED_FUNCTION = YES;
				GCC_WARN_UNUSED_VARIABLE = YES;
				IPHONEOS_DEPLOYMENT_TARGET = 16.4;
				MTL_ENABLE_DEBUG_INFO = NO;
				MTL_FAST_MATH = YES;
				SDKROOT = iphoneos;
				SWIFT_COMPILATION_MODE = wholemodule;
				SWIFT_OPTIMIZATION_LEVEL = "-O";
				VALIDATE_PRODUCT = YES;
			};
			name = Release;
		};
		D42C3BA82AC21ADC00EE9BA4 /* Debug */ = {
			isa = XCBuildConfiguration;
			buildSettings = {
				ASSETCATALOG_COMPILER_APPICON_NAME = AppIcon;
				ASSETCATALOG_COMPILER_GLOBAL_ACCENT_COLOR_NAME = AccentColor;
				CODE_SIGN_STYLE = Automatic;
				CURRENT_PROJECT_VERSION = 1;
				GENERATE_INFOPLIST_FILE = YES;
				INFOPLIST_FILE = SharingApplication/Info.plist;
				INFOPLIST_KEY_UIApplicationSupportsIndirectInputEvents = YES;
				INFOPLIST_KEY_UILaunchStoryboardName = LaunchScreen;
				INFOPLIST_KEY_UISupportedInterfaceOrientations = UIInterfaceOrientationPortrait;
				INFOPLIST_KEY_UISupportedInterfaceOrientations_iPad = "UIInterfaceOrientationLandscapeLeft UIInterfaceOrientationLandscapeRight UIInterfaceOrientationPortrait UIInterfaceOrientationPortraitUpsideDown";
				LD_RUNPATH_SEARCH_PATHS = (
					"$(inherited)",
					"@executable_path/Frameworks",
				);
				MARKETING_VERSION = 1.0;
				PRODUCT_BUNDLE_IDENTIFIER = philip.SharingApplication;
				PRODUCT_NAME = "$(TARGET_NAME)";
				SUPPORTED_PLATFORMS = "iphoneos iphonesimulator";
				SUPPORTS_MACCATALYST = NO;
				SUPPORTS_MAC_DESIGNED_FOR_IPHONE_IPAD = NO;
				SWIFT_EMIT_LOC_STRINGS = YES;
				SWIFT_VERSION = 5.0;
				TARGETED_DEVICE_FAMILY = 1;
			};
			name = Debug;
		};
		D42C3BA92AC21ADC00EE9BA4 /* Release */ = {
			isa = XCBuildConfiguration;
			buildSettings = {
				ASSETCATALOG_COMPILER_APPICON_NAME = AppIcon;
				ASSETCATALOG_COMPILER_GLOBAL_ACCENT_COLOR_NAME = AccentColor;
				CODE_SIGN_STYLE = Automatic;
				CURRENT_PROJECT_VERSION = 1;
				GENERATE_INFOPLIST_FILE = YES;
				INFOPLIST_FILE = SharingApplication/Info.plist;
				INFOPLIST_KEY_UIApplicationSupportsIndirectInputEvents = YES;
				INFOPLIST_KEY_UILaunchStoryboardName = LaunchScreen;
				INFOPLIST_KEY_UISupportedInterfaceOrientations = UIInterfaceOrientationPortrait;
				INFOPLIST_KEY_UISupportedInterfaceOrientations_iPad = "UIInterfaceOrientationLandscapeLeft UIInterfaceOrientationLandscapeRight UIInterfaceOrientationPortrait UIInterfaceOrientationPortraitUpsideDown";
				LD_RUNPATH_SEARCH_PATHS = (
					"$(inherited)",
					"@executable_path/Frameworks",
				);
				MARKETING_VERSION = 1.0;
				PRODUCT_BUNDLE_IDENTIFIER = philip.SharingApplication;
				PRODUCT_NAME = "$(TARGET_NAME)";
				SUPPORTED_PLATFORMS = "iphoneos iphonesimulator";
				SUPPORTS_MACCATALYST = NO;
				SUPPORTS_MAC_DESIGNED_FOR_IPHONE_IPAD = NO;
				SWIFT_EMIT_LOC_STRINGS = YES;
				SWIFT_VERSION = 5.0;
				TARGETED_DEVICE_FAMILY = 1;
			};
			name = Release;
		};
/* End XCBuildConfiguration section */

/* Begin XCConfigurationList section */
		D42C3B8E2AC21ADB00EE9BA4 /* Build configuration list for PBXProject "SharingApplication" */ = {
			isa = XCConfigurationList;
			buildConfigurations = (
				D42C3BA52AC21ADC00EE9BA4 /* Debug */,
				D42C3BA62AC21ADC00EE9BA4 /* Release */,
			);
			defaultConfigurationIsVisible = 0;
			defaultConfigurationName = Release;
		};
		D42C3BA72AC21ADC00EE9BA4 /* Build configuration list for PBXNativeTarget "SharingApplication" */ = {
			isa = XCConfigurationList;
			buildConfigurations = (
				D42C3BA82AC21ADC00EE9BA4 /* Debug */,
				D42C3BA92AC21ADC00EE9BA4 /* Release */,
			);
			defaultConfigurationIsVisible = 0;
			defaultConfigurationName = Release;
		};
/* End XCConfigurationList section */

/* Begin XCRemoteSwiftPackageReference section */
		D42C3BCE2AC21EC000EE9BA4 /* XCRemoteSwiftPackageReference "SnapKit" */ = {
			isa = XCRemoteSwiftPackageReference;
			repositoryURL = "https://github.com/SnapKit/SnapKit";
			requirement = {
				kind = upToNextMajorVersion;
				minimumVersion = 5.0.0;
			};
		};
		D42C3BD82AC2273600EE9BA4 /* XCRemoteSwiftPackageReference "firebase-ios-sdk" */ = {
			isa = XCRemoteSwiftPackageReference;
			repositoryURL = "https://github.com/firebase/firebase-ios-sdk";
			requirement = {
				kind = upToNextMajorVersion;
				minimumVersion = 10.0.0;
			};
		};
/* End XCRemoteSwiftPackageReference section */

/* Begin XCSwiftPackageProductDependency section */
		D42C3BCF2AC21EC000EE9BA4 /* SnapKit */ = {
			isa = XCSwiftPackageProductDependency;
			package = D42C3BCE2AC21EC000EE9BA4 /* XCRemoteSwiftPackageReference "SnapKit" */;
			productName = SnapKit;
		};
		D42C3BD92AC2273600EE9BA4 /* FirebaseAuth */ = {
			isa = XCSwiftPackageProductDependency;
			package = D42C3BD82AC2273600EE9BA4 /* XCRemoteSwiftPackageReference "firebase-ios-sdk" */;
			productName = FirebaseAuth;
		};
		D42C3BDB2AC2273600EE9BA4 /* FirebaseDatabase */ = {
			isa = XCSwiftPackageProductDependency;
			package = D42C3BD82AC2273600EE9BA4 /* XCRemoteSwiftPackageReference "firebase-ios-sdk" */;
			productName = FirebaseDatabase;
		};
		D42C3BDD2AC2273600EE9BA4 /* FirebaseFirestore */ = {
			isa = XCSwiftPackageProductDependency;
			package = D42C3BD82AC2273600EE9BA4 /* XCRemoteSwiftPackageReference "firebase-ios-sdk" */;
			productName = FirebaseFirestore;
		};
		D42C3BDF2AC2273600EE9BA4 /* FirebaseStorage */ = {
			isa = XCSwiftPackageProductDependency;
			package = D42C3BD82AC2273600EE9BA4 /* XCRemoteSwiftPackageReference "firebase-ios-sdk" */;
			productName = FirebaseStorage;
		};
/* End XCSwiftPackageProductDependency section */
	};
	rootObject = D42C3B8B2AC21ADB00EE9BA4 /* Project object */;
}
